Microsoft Visual Studio Solution File, Format Version 11.00
# Visual Studio 2008

Project("{9C0CA0CA-BBD7-8A5A-02BF-8447347ECED5}") = "Allen", "Assembly-CSharp.csproj", "{C243F3DC-6074-1AF8-5356-A19146887D56}"
EndProject
Global
	GlobalSection(SolutionConfigurationPlatforms) = preSolution
		Debug|Any CPU = Debug|Any CPU
		Release|Any CPU = Release|Any CPU
	EndGlobalSection
	GlobalSection(ProjectConfigurationPlatforms) = postSolution
		{C243F3DC-6074-1AF8-5356-A19146887D56}.Debug|Any CPU.ActiveCfg = Debug|Any CPU
		{C243F3DC-6074-1AF8-5356-A19146887D56}.Debug|Any CPU.Build.0 = Debug|Any CPU
		{C243F3DC-6074-1AF8-5356-A19146887D56}.Release|Any CPU.ActiveCfg = Release|Any CPU
		{C243F3DC-6074-1AF8-5356-A19146887D56}.Release|Any CPU.Build.0 = Release|Any CPU
	EndGlobalSection
	GlobalSection(SolutionProperties) = preSolution
		HideSolutionNode = FALSE
	EndGlobalSection
	GlobalSection(MonoDevelopProperties) = preSolution
		StartupItem = Assembly-CSharp.csproj
	EndGlobalSection
EndGlobal
