Microsoft Visual Studio Solution File, Format Version 11.00
# Visual Studio 2008

Project("{D62701B3-BC77-72CF-90AB-84B1229A0135}") = "Another_Project", "Assembly-CSharp.csproj", "{F689D576-00A4-1125-58A0-79D67397E3E0}"
EndProject
Global
	GlobalSection(SolutionConfigurationPlatforms) = preSolution
		Debug|Any CPU = Debug|Any CPU
		Release|Any CPU = Release|Any CPU
	EndGlobalSection
	GlobalSection(ProjectConfigurationPlatforms) = postSolution
		{F689D576-00A4-1125-58A0-79D67397E3E0}.Debug|Any CPU.ActiveCfg = Debug|Any CPU
		{F689D576-00A4-1125-58A0-79D67397E3E0}.Debug|Any CPU.Build.0 = Debug|Any CPU
		{F689D576-00A4-1125-58A0-79D67397E3E0}.Release|Any CPU.ActiveCfg = Release|Any CPU
		{F689D576-00A4-1125-58A0-79D67397E3E0}.Release|Any CPU.Build.0 = Release|Any CPU
	EndGlobalSection
	GlobalSection(SolutionProperties) = preSolution
		HideSolutionNode = FALSE
	EndGlobalSection
	GlobalSection(MonoDevelopProperties) = preSolution
		StartupItem = Assembly-CSharp.csproj
	EndGlobalSection
EndGlobal
