Microsoft Visual Studio Solution File, Format Version 11.00
# Visual Studio 2008

Project("{1CE2096C-300F-78BB-B838-9CA2603E6DD9}") = "Keystone", "Assembly-CSharp.csproj", "{EF0B2179-1916-5BFF-9A8B-52CE0BE6005D}"
EndProject
Global
	GlobalSection(SolutionConfigurationPlatforms) = preSolution
		Debug|Any CPU = Debug|Any CPU
		Release|Any CPU = Release|Any CPU
	EndGlobalSection
	GlobalSection(ProjectConfigurationPlatforms) = postSolution
		{EF0B2179-1916-5BFF-9A8B-52CE0BE6005D}.Debug|Any CPU.ActiveCfg = Debug|Any CPU
		{EF0B2179-1916-5BFF-9A8B-52CE0BE6005D}.Debug|Any CPU.Build.0 = Debug|Any CPU
		{EF0B2179-1916-5BFF-9A8B-52CE0BE6005D}.Release|Any CPU.ActiveCfg = Release|Any CPU
		{EF0B2179-1916-5BFF-9A8B-52CE0BE6005D}.Release|Any CPU.Build.0 = Release|Any CPU
	EndGlobalSection
	GlobalSection(SolutionProperties) = preSolution
		HideSolutionNode = FALSE
	EndGlobalSection
	GlobalSection(MonoDevelopProperties) = preSolution
		StartupItem = Assembly-CSharp.csproj
	EndGlobalSection
EndGlobal
